
Microsoft Visual Studio Solution File, Format Version 12.00
# Visual Studio Version 17
VisualStudioVersion = 17.13.35919.96
MinimumVisualStudioVersion = 10.0.40219.1
Project("{2150E333-8FDC-42A3-9474-1A3956D46DE8}") = "Solution Items", "Solution Items", "{6E5342BF-A184-441A-B91D-6BE97603CD79}"
	ProjectSection(SolutionItems) = preProject
		nuget.config = nuget.config
	EndProjectSection
EndProject
Project("{E53339B2-1760-4266-BCC7-CA923CBCF16C}") = "docker-compose", "docker-compose.dcproj", "{D55417E0-2D7D-46CC-8065-967388CCDDF0}"
EndProject
Project("{2150E333-8FDC-42A3-9474-1A3956D46DE8}") = "AK.Products", "AK.Products", "{0FAAF2AC-9B2B-FD85-2C2E-C6A0CB490DD0}"
EndProject
Project("{FAE04EC0-301F-11D3-BF4B-00C04F79EFBC}") = "AK.Products.Domain", "AK.Products\AK.Products.Domain\AK.Products.Domain.csproj", "{6DBC45EC-8043-44E8-B3C6-A70E51BC4E7A}"
EndProject
Project("{FAE04EC0-301F-11D3-BF4B-00C04F79EFBC}") = "AK.Products.Application", "AK.Products\AK.Products.Application\AK.Products.Application.csproj", "{38B00BF7-8D77-45F7-B037-594E7060ABB0}"
EndProject
Project("{FAE04EC0-301F-11D3-BF4B-00C04F79EFBC}") = "AK.Products.Infrastructure", "AK.Products\AK.Products.Infrastructure\AK.Products.Infrastructure.csproj", "{F0D7A4CE-079B-4E19-B178-9E35352472D2}"
EndProject
Project("{FAE04EC0-301F-11D3-BF4B-00C04F79EFBC}") = "AK.Products.API", "AK.Products\AK.Products.API\AK.Products.API.csproj", "{5620FCE0-21F8-4C9D-A940-04E04F953F29}"
EndProject
Project("{FAE04EC0-301F-11D3-BF4B-00C04F79EFBC}") = "AK.Products.Tests", "AK.Products\AK.Products.Tests\AK.Products.Tests.csproj", "{6AADF939-DB48-42F6-9768-299F3ACA8796}"
EndProject
Project("{2150E333-8FDC-42A3-9474-1A3956D46DE8}") = "AK.Discount", "AK.Discount", "{E6394E39-2980-4A38-807E-359324152898}"
EndProject
Project("{FAE04EC0-301F-11D3-BF4B-00C04F79EFBC}") = "AK.Discount.Domain", "AK.Discount\AK.Discount.Domain\AK.Discount.Domain.csproj", "{E55ECB3A-078C-4EE0-827A-D347AA894106}"
EndProject
Project("{FAE04EC0-301F-11D3-BF4B-00C04F79EFBC}") = "AK.Discount.Application", "AK.Discount\AK.Discount.Application\AK.Discount.Application.csproj", "{6E7F8287-9B3B-4F61-89F3-4C13F6B53197}"
EndProject
Project("{FAE04EC0-301F-11D3-BF4B-00C04F79EFBC}") = "AK.Discount.Infrastructure", "AK.Discount\AK.Discount.Infrastructure\AK.Discount.Infrastructure.csproj", "{C63506EF-1351-4840-93C8-4162A8F7DD7E}"
EndProject
Project("{FAE04EC0-301F-11D3-BF4B-00C04F79EFBC}") = "AK.Discount.Grpc", "AK.Discount\AK.Discount.Grpc\AK.Discount.Grpc.csproj", "{FB74D3D7-93FD-44C1-8DE5-2F1079BE2E4B}"
EndProject
Project("{FAE04EC0-301F-11D3-BF4B-00C04F79EFBC}") = "AK.Discount.Tests", "AK.Discount\AK.Discount.Tests\AK.Discount.Tests.csproj", "{4D4EFDBF-8075-443C-BA78-967B7959759E}"
EndProject
Project("{2150E333-8FDC-42A3-9474-1A3956D46DE8}") = "AK.BuildingBlocks", "AK.BuildingBlocks", "{C9DCCF5A-28DE-4124-9FF5-16010EB3D717}"
EndProject
Project("{FAE04EC0-301F-11D3-BF4B-00C04F79EFBC}") = "AK.BuildingBlocks", "AK.BuildingBlocks\AK.BuildingBlocks\AK.BuildingBlocks.csproj", "{ECD07E55-CE77-431A-9BF0-0896FA762FA3}"
EndProject
Project("{2150E333-8FDC-42A3-9474-1A3956D46DE8}") = "AK.ShoppingCart", "AK.ShoppingCart", "{E4FF970E-A2F9-0AAC-EF39-C8E253C22E12}"
EndProject
Project("{FAE04EC0-301F-11D3-BF4B-00C04F79EFBC}") = "AK.ShoppingCart.Domain", "AK.ShoppingCart\AK.ShoppingCart.Domain\AK.ShoppingCart.Domain.csproj", "{9E9F1930-C441-4607-B564-2959988DB262}"
EndProject
Project("{FAE04EC0-301F-11D3-BF4B-00C04F79EFBC}") = "AK.ShoppingCart.Application", "AK.ShoppingCart\AK.ShoppingCart.Application\AK.ShoppingCart.Application.csproj", "{303E56D1-26D3-4818-9334-01EDC0A6A0DA}"
EndProject
Project("{FAE04EC0-301F-11D3-BF4B-00C04F79EFBC}") = "AK.ShoppingCart.Infrastructure", "AK.ShoppingCart\AK.ShoppingCart.Infrastructure\AK.ShoppingCart.Infrastructure.csproj", "{EC6C19C8-7F6C-4DE8-9037-1F245223BF6D}"
EndProject
Project("{FAE04EC0-301F-11D3-BF4B-00C04F79EFBC}") = "AK.ShoppingCart.API", "AK.ShoppingCart\AK.ShoppingCart.API\AK.ShoppingCart.API.csproj", "{AC55E4FC-8EB4-4D6C-9D9C-099844CAAACC}"
EndProject
Project("{FAE04EC0-301F-11D3-BF4B-00C04F79EFBC}") = "AK.ShoppingCart.Tests", "AK.ShoppingCart\AK.ShoppingCart.Tests\AK.ShoppingCart.Tests.csproj", "{18EDF5D1-DB32-421A-941A-D610DD0883AD}"
EndProject
Project("{2150E333-8FDC-42A3-9474-1A3956D46DE8}") = "AK.Order", "AK.Order", "{AB8B724D-C982-3DCB-E4F7-3AB179E115D1}"
EndProject
Project("{FAE04EC0-301F-11D3-BF4B-00C04F79EFBC}") = "AK.Order.Domain", "AK.Order\AK.Order.Domain\AK.Order.Domain.csproj", "{412B3136-8D72-4D42-95B8-81277782FA93}"
EndProject
Project("{FAE04EC0-301F-11D3-BF4B-00C04F79EFBC}") = "AK.Order.Application", "AK.Order\AK.Order.Application\AK.Order.Application.csproj", "{48742723-B6A4-4755-A30D-A45BCB05A98D}"
EndProject
Project("{FAE04EC0-301F-11D3-BF4B-00C04F79EFBC}") = "AK.Order.Infrastructure", "AK.Order\AK.Order.Infrastructure\AK.Order.Infrastructure.csproj", "{892ED814-8A59-4630-BCBD-BF92ADF4E2AA}"
EndProject
Project("{FAE04EC0-301F-11D3-BF4B-00C04F79EFBC}") = "AK.Order.API", "AK.Order\AK.Order.API\AK.Order.API.csproj", "{00B37A68-5680-4A51-8F97-1AFCF95759C2}"
EndProject
Project("{FAE04EC0-301F-11D3-BF4B-00C04F79EFBC}") = "AK.Order.Tests", "AK.Order\AK.Order.Tests\AK.Order.Tests.csproj", "{EF96A4FC-082E-49AB-8AAC-41758228A751}"
EndProject
Project("{2150E333-8FDC-42A3-9474-1A3956D46DE8}") = "AK.UserIdentity", "AK.UserIdentity", "{D9772320-9D0D-4893-4D98-D68EF65B69CE}"
EndProject
Project("{FAE04EC0-301F-11D3-BF4B-00C04F79EFBC}") = "AK.UserIdentity.API", "AK.UserIdentity\AK.UserIdentity.API\AK.UserIdentity.API.csproj", "{C2DB2CB9-C895-477E-8B12-A57C4E2E6EB1}"
EndProject
Project("{FAE04EC0-301F-11D3-BF4B-00C04F79EFBC}") = "AK.UserIdentity.Tests", "AK.UserIdentity\AK.UserIdentity.Tests\AK.UserIdentity.Tests.csproj", "{2F706765-BD22-485D-B238-EA3031EC20B6}"
EndProject
Project("{2150E333-8FDC-42A3-9474-1A3956D46DE8}") = "AK.Gateway", "AK.Gateway", "{40B51FB7-1C5B-7FA0-ADF3-74D82A5BC352}"
EndProject
Project("{FAE04EC0-301F-11D3-BF4B-00C04F79EFBC}") = "AK.Gateway.API", "AK.Gateway\AK.Gateway.API\AK.Gateway.API.csproj", "{522D25C0-7CA6-4982-A2BD-9DB76439C5B3}"
EndProject
Project("{2150E333-8FDC-42A3-9474-1A3956D46DE8}") = "AK.IntegrationTests", "AK.IntegrationTests", "{5639D954-0427-47D1-83B3-CA92BF68158E}"
EndProject
Project("{FAE04EC0-301F-11D3-BF4B-00C04F79EFBC}") = "AK.IntegrationTests", "AK.IntegrationTests\AK.IntegrationTests.csproj", "{F5EDD099-78B2-4F03-889A-00492A947DB7}"
EndProject
Project("{2150E333-8FDC-42A3-9474-1A3956D46DE8}") = "AK.Payments", "AK.Payments", "{9339ABCD-0166-3FEC-9EF9-FFAF5EE98DD3}"
EndProject
Project("{FAE04EC0-301F-11D3-BF4B-00C04F79EFBC}") = "AK.Payments.Domain", "AK.Payments\AK.Payments.Domain\AK.Payments.Domain.csproj", "{FB0221EE-E206-4882-9DD3-670C9D7E1014}"
EndProject
Project("{FAE04EC0-301F-11D3-BF4B-00C04F79EFBC}") = "AK.Payments.Application", "AK.Payments\AK.Payments.Application\AK.Payments.Application.csproj", "{F3BECC1A-AC12-4C28-A65E-BBB3C1F5C2DB}"
EndProject
Project("{FAE04EC0-301F-11D3-BF4B-00C04F79EFBC}") = "AK.Payments.Infrastructure", "AK.Payments\AK.Payments.Infrastructure\AK.Payments.Infrastructure.csproj", "{3C2F5838-29B7-49C4-BA07-69C8F3E529B7}"
EndProject
Project("{FAE04EC0-301F-11D3-BF4B-00C04F79EFBC}") = "AK.Payments.API", "AK.Payments\AK.Payments.API\AK.Payments.API.csproj", "{D9A39D8B-83BC-4DB1-B23C-8B19FC07537B}"
EndProject
Project("{FAE04EC0-301F-11D3-BF4B-00C04F79EFBC}") = "AK.Payments.Tests", "AK.Payments\AK.Payments.Tests\AK.Payments.Tests.csproj", "{141B8510-F6A3-4CC3-B9E1-E763C5AC032F}"
EndProject
Project("{2150E333-8FDC-42A3-9474-1A3956D46DE8}") = "AK.Notification", "AK.Notification", "{FE150226-47A6-0301-158C-F1CB39FD71E5}"
EndProject
Project("{FAE04EC0-301F-11D3-BF4B-00C04F79EFBC}") = "AK.Notification.Domain", "AK.Notification\AK.Notification.Domain\AK.Notification.Domain.csproj", "{9C3A157E-6897-4CCF-898C-45FE4B9839FB}"
EndProject
Project("{FAE04EC0-301F-11D3-BF4B-00C04F79EFBC}") = "AK.Notification.Application", "AK.Notification\AK.Notification.Application\AK.Notification.Application.csproj", "{09D280E6-8464-4B75-BCD3-AB43016F352F}"
EndProject
Project("{FAE04EC0-301F-11D3-BF4B-00C04F79EFBC}") = "AK.Notification.Infrastructure", "AK.Notification\AK.Notification.Infrastructure\AK.Notification.Infrastructure.csproj", "{EDCB052C-05DD-4E66-B829-8BB665683C92}"
EndProject
Project("{FAE04EC0-301F-11D3-BF4B-00C04F79EFBC}") = "AK.Notification.API", "AK.Notification\AK.Notification.API\AK.Notification.API.csproj", "{A9B07A1F-CC99-4722-B0B0-1F2BD0FF08EE}"
EndProject
Project("{FAE04EC0-301F-11D3-BF4B-00C04F79EFBC}") = "AK.Notification.Tests", "AK.Notification\AK.Notification.Tests\AK.Notification.Tests.csproj", "{FF3A66CE-E3A1-44C8-ACAC-87AAEB0EBCAA}"
EndProject
Global
	GlobalSection(SolutionConfigurationPlatforms) = preSolution
		Debug|Any CPU = Debug|Any CPU
		Debug|x64 = Debug|x64
		Debug|x86 = Debug|x86
		Release|Any CPU = Release|Any CPU
		Release|x64 = Release|x64
		Release|x86 = Release|x86
	EndGlobalSection
	GlobalSection(ProjectConfigurationPlatforms) = postSolution
		{D55417E0-2D7D-46CC-8065-967388CCDDF0}.Debug|Any CPU.ActiveCfg = Debug|Any CPU
		{D55417E0-2D7D-46CC-8065-967388CCDDF0}.Debug|Any CPU.Build.0 = Debug|Any CPU
		{D55417E0-2D7D-46CC-8065-967388CCDDF0}.Debug|x64.ActiveCfg = Debug|Any CPU
		{D55417E0-2D7D-46CC-8065-967388CCDDF0}.Debug|x64.Build.0 = Debug|Any CPU
		{D55417E0-2D7D-46CC-8065-967388CCDDF0}.Debug|x86.ActiveCfg = Debug|Any CPU
		{D55417E0-2D7D-46CC-8065-967388CCDDF0}.Debug|x86.Build.0 = Debug|Any CPU
		{D55417E0-2D7D-46CC-8065-967388CCDDF0}.Release|Any CPU.ActiveCfg = Release|Any CPU
		{D55417E0-2D7D-46CC-8065-967388CCDDF0}.Release|Any CPU.Build.0 = Release|Any CPU
		{D55417E0-2D7D-46CC-8065-967388CCDDF0}.Release|x64.ActiveCfg = Release|Any CPU
		{D55417E0-2D7D-46CC-8065-967388CCDDF0}.Release|x64.Build.0 = Release|Any CPU
		{D55417E0-2D7D-46CC-8065-967388CCDDF0}.Release|x86.ActiveCfg = Release|Any CPU
		{D55417E0-2D7D-46CC-8065-967388CCDDF0}.Release|x86.Build.0 = Release|Any CPU
		{6DBC45EC-8043-44E8-B3C6-A70E51BC4E7A}.Debug|Any CPU.ActiveCfg = Debug|Any CPU
		{6DBC45EC-8043-44E8-B3C6-A70E51BC4E7A}.Debug|Any CPU.Build.0 = Debug|Any CPU
		{6DBC45EC-8043-44E8-B3C6-A70E51BC4E7A}.Debug|x64.ActiveCfg = Debug|Any CPU
		{6DBC45EC-8043-44E8-B3C6-A70E51BC4E7A}.Debug|x64.Build.0 = Debug|Any CPU
		{6DBC45EC-8043-44E8-B3C6-A70E51BC4E7A}.Debug|x86.ActiveCfg = Debug|Any CPU
		{6DBC45EC-8043-44E8-B3C6-A70E51BC4E7A}.Debug|x86.Build.0 = Debug|Any CPU
		{6DBC45EC-8043-44E8-B3C6-A70E51BC4E7A}.Release|Any CPU.ActiveCfg = Release|Any CPU
		{6DBC45EC-8043-44E8-B3C6-A70E51BC4E7A}.Release|Any CPU.Build.0 = Release|Any CPU
		{6DBC45EC-8043-44E8-B3C6-A70E51BC4E7A}.Release|x64.ActiveCfg = Release|Any CPU
		{6DBC45EC-8043-44E8-B3C6-A70E51BC4E7A}.Release|x64.Build.0 = Release|Any CPU
		{6DBC45EC-8043-44E8-B3C6-A70E51BC4E7A}.Release|x86.ActiveCfg = Release|Any CPU
		{6DBC45EC-8043-44E8-B3C6-A70E51BC4E7A}.Release|x86.Build.0 = Release|Any CPU
		{38B00BF7-8D77-45F7-B037-594E7060ABB0}.Debug|Any CPU.ActiveCfg = Debug|Any CPU
		{38B00BF7-8D77-45F7-B037-594E7060ABB0}.Debug|Any CPU.Build.0 = Debug|Any CPU
		{38B00BF7-8D77-45F7-B037-594E7060ABB0}.Debug|x64.ActiveCfg = Debug|Any CPU
		{38B00BF7-8D77-45F7-B037-594E7060ABB0}.Debug|x64.Build.0 = Debug|Any CPU
		{38B00BF7-8D77-45F7-B037-594E7060ABB0}.Debug|x86.ActiveCfg = Debug|Any CPU
		{38B00BF7-8D77-45F7-B037-594E7060ABB0}.Debug|x86.Build.0 = Debug|Any CPU
		{38B00BF7-8D77-45F7-B037-594E7060ABB0}.Release|Any CPU.ActiveCfg = Release|Any CPU
		{38B00BF7-8D77-45F7-B037-594E7060ABB0}.Release|Any CPU.Build.0 = Release|Any CPU
		{38B00BF7-8D77-45F7-B037-594E7060ABB0}.Release|x64.ActiveCfg = Release|Any CPU
		{38B00BF7-8D77-45F7-B037-594E7060ABB0}.Release|x64.Build.0 = Release|Any CPU
		{38B00BF7-8D77-45F7-B037-594E7060ABB0}.Release|x86.ActiveCfg = Release|Any CPU
		{38B00BF7-8D77-45F7-B037-594E7060ABB0}.Release|x86.Build.0 = Release|Any CPU
		{F0D7A4CE-079B-4E19-B178-9E35352472D2}.Debug|Any CPU.ActiveCfg = Debug|Any CPU
		{F0D7A4CE-079B-4E19-B178-9E35352472D2}.Debug|Any CPU.Build.0 = Debug|Any CPU
		{F0D7A4CE-079B-4E19-B178-9E35352472D2}.Debug|x64.ActiveCfg = Debug|Any CPU
		{F0D7A4CE-079B-4E19-B178-9E35352472D2}.Debug|x64.Build.0 = Debug|Any CPU
		{F0D7A4CE-079B-4E19-B178-9E35352472D2}.Debug|x86.ActiveCfg = Debug|Any CPU
		{F0D7A4CE-079B-4E19-B178-9E35352472D2}.Debug|x86.Build.0 = Debug|Any CPU
		{F0D7A4CE-079B-4E19-B178-9E35352472D2}.Release|Any CPU.ActiveCfg = Release|Any CPU
		{F0D7A4CE-079B-4E19-B178-9E35352472D2}.Release|Any CPU.Build.0 = Release|Any CPU
		{F0D7A4CE-079B-4E19-B178-9E35352472D2}.Release|x64.ActiveCfg = Release|Any CPU
		{F0D7A4CE-079B-4E19-B178-9E35352472D2}.Release|x64.Build.0 = Release|Any CPU
		{F0D7A4CE-079B-4E19-B178-9E35352472D2}.Release|x86.ActiveCfg = Release|Any CPU
		{F0D7A4CE-079B-4E19-B178-9E35352472D2}.Release|x86.Build.0 = Release|Any CPU
		{5620FCE0-21F8-4C9D-A940-04E04F953F29}.Debug|Any CPU.ActiveCfg = Debug|Any CPU
		{5620FCE0-21F8-4C9D-A940-04E04F953F29}.Debug|Any CPU.Build.0 = Debug|Any CPU
		{5620FCE0-21F8-4C9D-A940-04E04F953F29}.Debug|x64.ActiveCfg = Debug|Any CPU
		{5620FCE0-21F8-4C9D-A940-04E04F953F29}.Debug|x64.Build.0 = Debug|Any CPU
		{5620FCE0-21F8-4C9D-A940-04E04F953F29}.Debug|x86.ActiveCfg = Debug|Any CPU
		{5620FCE0-21F8-4C9D-A940-04E04F953F29}.Debug|x86.Build.0 = Debug|Any CPU
		{5620FCE0-21F8-4C9D-A940-04E04F953F29}.Release|Any CPU.ActiveCfg = Release|Any CPU
		{5620FCE0-21F8-4C9D-A940-04E04F953F29}.Release|Any CPU.Build.0 = Release|Any CPU
		{5620FCE0-21F8-4C9D-A940-04E04F953F29}.Release|x64.ActiveCfg = Release|Any CPU
		{5620FCE0-21F8-4C9D-A940-04E04F953F29}.Release|x64.Build.0 = Release|Any CPU
		{5620FCE0-21F8-4C9D-A940-04E04F953F29}.Release|x86.ActiveCfg = Release|Any CPU
		{5620FCE0-21F8-4C9D-A940-04E04F953F29}.Release|x86.Build.0 = Release|Any CPU
		{6AADF939-DB48-42F6-9768-299F3ACA8796}.Debug|Any CPU.ActiveCfg = Debug|Any CPU
		{6AADF939-DB48-42F6-9768-299F3ACA8796}.Debug|Any CPU.Build.0 = Debug|Any CPU
		{6AADF939-DB48-42F6-9768-299F3ACA8796}.Debug|x64.ActiveCfg = Debug|Any CPU
		{6AADF939-DB48-42F6-9768-299F3ACA8796}.Debug|x64.Build.0 = Debug|Any CPU
		{6AADF939-DB48-42F6-9768-299F3ACA8796}.Debug|x86.ActiveCfg = Debug|Any CPU
		{6AADF939-DB48-42F6-9768-299F3ACA8796}.Debug|x86.Build.0 = Debug|Any CPU
		{6AADF939-DB48-42F6-9768-299F3ACA8796}.Release|Any CPU.ActiveCfg = Release|Any CPU
		{6AADF939-DB48-42F6-9768-299F3ACA8796}.Release|Any CPU.Build.0 = Release|Any CPU
		{6AADF939-DB48-42F6-9768-299F3ACA8796}.Release|x64.ActiveCfg = Release|Any CPU
		{6AADF939-DB48-42F6-9768-299F3ACA8796}.Release|x64.Build.0 = Release|Any CPU
		{6AADF939-DB48-42F6-9768-299F3ACA8796}.Release|x86.ActiveCfg = Release|Any CPU
		{6AADF939-DB48-42F6-9768-299F3ACA8796}.Release|x86.Build.0 = Release|Any CPU
		{E55ECB3A-078C-4EE0-827A-D347AA894106}.Debug|Any CPU.ActiveCfg = Debug|Any CPU
		{E55ECB3A-078C-4EE0-827A-D347AA894106}.Debug|Any CPU.Build.0 = Debug|Any CPU
		{E55ECB3A-078C-4EE0-827A-D347AA894106}.Debug|x64.ActiveCfg = Debug|Any CPU
		{E55ECB3A-078C-4EE0-827A-D347AA894106}.Debug|x64.Build.0 = Debug|Any CPU
		{E55ECB3A-078C-4EE0-827A-D347AA894106}.Debug|x86.ActiveCfg = Debug|Any CPU
		{E55ECB3A-078C-4EE0-827A-D347AA894106}.Debug|x86.Build.0 = Debug|Any CPU
		{E55ECB3A-078C-4EE0-827A-D347AA894106}.Release|Any CPU.ActiveCfg = Release|Any CPU
		{E55ECB3A-078C-4EE0-827A-D347AA894106}.Release|Any CPU.Build.0 = Release|Any CPU
		{E55ECB3A-078C-4EE0-827A-D347AA894106}.Release|x64.ActiveCfg = Release|Any CPU
		{E55ECB3A-078C-4EE0-827A-D347AA894106}.Release|x64.Build.0 = Release|Any CPU
		{E55ECB3A-078C-4EE0-827A-D347AA894106}.Release|x86.ActiveCfg = Release|Any CPU
		{E55ECB3A-078C-4EE0-827A-D347AA894106}.Release|x86.Build.0 = Release|Any CPU
		{6E7F8287-9B3B-4F61-89F3-4C13F6B53197}.Debug|Any CPU.ActiveCfg = Debug|Any CPU
		{6E7F8287-9B3B-4F61-89F3-4C13F6B53197}.Debug|Any CPU.Build.0 = Debug|Any CPU
		{6E7F8287-9B3B-4F61-89F3-4C13F6B53197}.Debug|x64.ActiveCfg = Debug|Any CPU
		{6E7F8287-9B3B-4F61-89F3-4C13F6B53197}.Debug|x64.Build.0 = Debug|Any CPU
		{6E7F8287-9B3B-4F61-89F3-4C13F6B53197}.Debug|x86.ActiveCfg = Debug|Any CPU
		{6E7F8287-9B3B-4F61-89F3-4C13F6B53197}.Debug|x86.Build.0 = Debug|Any CPU
		{6E7F8287-9B3B-4F61-89F3-4C13F6B53197}.Release|Any CPU.ActiveCfg = Release|Any CPU
		{6E7F8287-9B3B-4F61-89F3-4C13F6B53197}.Release|Any CPU.Build.0 = Release|Any CPU
		{6E7F8287-9B3B-4F61-89F3-4C13F6B53197}.Release|x64.ActiveCfg = Release|Any CPU
		{6E7F8287-9B3B-4F61-89F3-4C13F6B53197}.Release|x64.Build.0 = Release|Any CPU
		{6E7F8287-9B3B-4F61-89F3-4C13F6B53197}.Release|x86.ActiveCfg = Release|Any CPU
		{6E7F8287-9B3B-4F61-89F3-4C13F6B53197}.Release|x86.Build.0 = Release|Any CPU
		{C63506EF-1351-4840-93C8-4162A8F7DD7E}.Debug|Any CPU.ActiveCfg = Debug|Any CPU
		{C63506EF-1351-4840-93C8-4162A8F7DD7E}.Debug|Any CPU.Build.0 = Debug|Any CPU
		{C63506EF-1351-4840-93C8-4162A8F7DD7E}.Debug|x64.ActiveCfg = Debug|Any CPU
		{C63506EF-1351-4840-93C8-4162A8F7DD7E}.Debug|x64.Build.0 = Debug|Any CPU
		{C63506EF-1351-4840-93C8-4162A8F7DD7E}.Debug|x86.ActiveCfg = Debug|Any CPU
		{C63506EF-1351-4840-93C8-4162A8F7DD7E}.Debug|x86.Build.0 = Debug|Any CPU
		{C63506EF-1351-4840-93C8-4162A8F7DD7E}.Release|Any CPU.ActiveCfg = Release|Any CPU
		{C63506EF-1351-4840-93C8-4162A8F7DD7E}.Release|Any CPU.Build.0 = Release|Any CPU
		{C63506EF-1351-4840-93C8-4162A8F7DD7E}.Release|x64.ActiveCfg = Release|Any CPU
		{C63506EF-1351-4840-93C8-4162A8F7DD7E}.Release|x64.Build.0 = Release|Any CPU
		{C63506EF-1351-4840-93C8-4162A8F7DD7E}.Release|x86.ActiveCfg = Release|Any CPU
		{C63506EF-1351-4840-93C8-4162A8F7DD7E}.Release|x86.Build.0 = Release|Any CPU
		{FB74D3D7-93FD-44C1-8DE5-2F1079BE2E4B}.Debug|Any CPU.ActiveCfg = Debug|Any CPU
		{FB74D3D7-93FD-44C1-8DE5-2F1079BE2E4B}.Debug|Any CPU.Build.0 = Debug|Any CPU
		{FB74D3D7-93FD-44C1-8DE5-2F1079BE2E4B}.Debug|x64.ActiveCfg = Debug|Any CPU
		{FB74D3D7-93FD-44C1-8DE5-2F1079BE2E4B}.Debug|x64.Build.0 = Debug|Any CPU
		{FB74D3D7-93FD-44C1-8DE5-2F1079BE2E4B}.Debug|x86.ActiveCfg = Debug|Any CPU
		{FB74D3D7-93FD-44C1-8DE5-2F1079BE2E4B}.Debug|x86.Build.0 = Debug|Any CPU
		{FB74D3D7-93FD-44C1-8DE5-2F1079BE2E4B}.Release|Any CPU.ActiveCfg = Release|Any CPU
		{FB74D3D7-93FD-44C1-8DE5-2F1079BE2E4B}.Release|Any CPU.Build.0 = Release|Any CPU
		{FB74D3D7-93FD-44C1-8DE5-2F1079BE2E4B}.Release|x64.ActiveCfg = Release|Any CPU
		{FB74D3D7-93FD-44C1-8DE5-2F1079BE2E4B}.Release|x64.Build.0 = Release|Any CPU
		{FB74D3D7-93FD-44C1-8DE5-2F1079BE2E4B}.Release|x86.ActiveCfg = Release|Any CPU
		{FB74D3D7-93FD-44C1-8DE5-2F1079BE2E4B}.Release|x86.Build.0 = Release|Any CPU
		{4D4EFDBF-8075-443C-BA78-967B7959759E}.Debug|Any CPU.ActiveCfg = Debug|Any CPU
		{4D4EFDBF-8075-443C-BA78-967B7959759E}.Debug|Any CPU.Build.0 = Debug|Any CPU
		{4D4EFDBF-8075-443C-BA78-967B7959759E}.Debug|x64.ActiveCfg = Debug|Any CPU
		{4D4EFDBF-8075-443C-BA78-967B7959759E}.Debug|x64.Build.0 = Debug|Any CPU
		{4D4EFDBF-8075-443C-BA78-967B7959759E}.Debug|x86.ActiveCfg = Debug|Any CPU
		{4D4EFDBF-8075-443C-BA78-967B7959759E}.Debug|x86.Build.0 = Debug|Any CPU
		{4D4EFDBF-8075-443C-BA78-967B7959759E}.Release|Any CPU.ActiveCfg = Release|Any CPU
		{4D4EFDBF-8075-443C-BA78-967B7959759E}.Release|Any CPU.Build.0 = Release|Any CPU
		{4D4EFDBF-8075-443C-BA78-967B7959759E}.Release|x64.ActiveCfg = Release|Any CPU
		{4D4EFDBF-8075-443C-BA78-967B7959759E}.Release|x64.Build.0 = Release|Any CPU
		{4D4EFDBF-8075-443C-BA78-967B7959759E}.Release|x86.ActiveCfg = Release|Any CPU
		{4D4EFDBF-8075-443C-BA78-967B7959759E}.Release|x86.Build.0 = Release|Any CPU
		{ECD07E55-CE77-431A-9BF0-0896FA762FA3}.Debug|Any CPU.ActiveCfg = Debug|Any CPU
		{ECD07E55-CE77-431A-9BF0-0896FA762FA3}.Debug|Any CPU.Build.0 = Debug|Any CPU
		{ECD07E55-CE77-431A-9BF0-0896FA762FA3}.Debug|x64.ActiveCfg = Debug|Any CPU
		{ECD07E55-CE77-431A-9BF0-0896FA762FA3}.Debug|x64.Build.0 = Debug|Any CPU
		{ECD07E55-CE77-431A-9BF0-0896FA762FA3}.Debug|x86.ActiveCfg = Debug|Any CPU
		{ECD07E55-CE77-431A-9BF0-0896FA762FA3}.Debug|x86.Build.0 = Debug|Any CPU
		{ECD07E55-CE77-431A-9BF0-0896FA762FA3}.Release|Any CPU.ActiveCfg = Release|Any CPU
		{ECD07E55-CE77-431A-9BF0-0896FA762FA3}.Release|Any CPU.Build.0 = Release|Any CPU
		{ECD07E55-CE77-431A-9BF0-0896FA762FA3}.Release|x64.ActiveCfg = Release|Any CPU
		{ECD07E55-CE77-431A-9BF0-0896FA762FA3}.Release|x64.Build.0 = Release|Any CPU
		{ECD07E55-CE77-431A-9BF0-0896FA762FA3}.Release|x86.ActiveCfg = Release|Any CPU
		{ECD07E55-CE77-431A-9BF0-0896FA762FA3}.Release|x86.Build.0 = Release|Any CPU
		{9E9F1930-C441-4607-B564-2959988DB262}.Debug|Any CPU.ActiveCfg = Debug|Any CPU
		{9E9F1930-C441-4607-B564-2959988DB262}.Debug|Any CPU.Build.0 = Debug|Any CPU
		{9E9F1930-C441-4607-B564-2959988DB262}.Debug|x64.ActiveCfg = Debug|Any CPU
		{9E9F1930-C441-4607-B564-2959988DB262}.Debug|x64.Build.0 = Debug|Any CPU
		{9E9F1930-C441-4607-B564-2959988DB262}.Debug|x86.ActiveCfg = Debug|Any CPU
		{9E9F1930-C441-4607-B564-2959988DB262}.Debug|x86.Build.0 = Debug|Any CPU
		{9E9F1930-C441-4607-B564-2959988DB262}.Release|Any CPU.ActiveCfg = Release|Any CPU
		{9E9F1930-C441-4607-B564-2959988DB262}.Release|Any CPU.Build.0 = Release|Any CPU
		{9E9F1930-C441-4607-B564-2959988DB262}.Release|x64.ActiveCfg = Release|Any CPU
		{9E9F1930-C441-4607-B564-2959988DB262}.Release|x64.Build.0 = Release|Any CPU
		{9E9F1930-C441-4607-B564-2959988DB262}.Release|x86.ActiveCfg = Release|Any CPU
		{9E9F1930-C441-4607-B564-2959988DB262}.Release|x86.Build.0 = Release|Any CPU
		{303E56D1-26D3-4818-9334-01EDC0A6A0DA}.Debug|Any CPU.ActiveCfg = Debug|Any CPU
		{303E56D1-26D3-4818-9334-01EDC0A6A0DA}.Debug|Any CPU.Build.0 = Debug|Any CPU
		{303E56D1-26D3-4818-9334-01EDC0A6A0DA}.Debug|x64.ActiveCfg = Debug|Any CPU
		{303E56D1-26D3-4818-9334-01EDC0A6A0DA}.Debug|x64.Build.0 = Debug|Any CPU
		{303E56D1-26D3-4818-9334-01EDC0A6A0DA}.Debug|x86.ActiveCfg = Debug|Any CPU
		{303E56D1-26D3-4818-9334-01EDC0A6A0DA}.Debug|x86.Build.0 = Debug|Any CPU
		{303E56D1-26D3-4818-9334-01EDC0A6A0DA}.Release|Any CPU.ActiveCfg = Release|Any CPU
		{303E56D1-26D3-4818-9334-01EDC0A6A0DA}.Release|Any CPU.Build.0 = Release|Any CPU
		{303E56D1-26D3-4818-9334-01EDC0A6A0DA}.Release|x64.ActiveCfg = Release|Any CPU
		{303E56D1-26D3-4818-9334-01EDC0A6A0DA}.Release|x64.Build.0 = Release|Any CPU
		{303E56D1-26D3-4818-9334-01EDC0A6A0DA}.Release|x86.ActiveCfg = Release|Any CPU
		{303E56D1-26D3-4818-9334-01EDC0A6A0DA}.Release|x86.Build.0 = Release|Any CPU
		{EC6C19C8-7F6C-4DE8-9037-1F245223BF6D}.Debug|Any CPU.ActiveCfg = Debug|Any CPU
		{EC6C19C8-7F6C-4DE8-9037-1F245223BF6D}.Debug|Any CPU.Build.0 = Debug|Any CPU
		{EC6C19C8-7F6C-4DE8-9037-1F245223BF6D}.Debug|x64.ActiveCfg = Debug|Any CPU
		{EC6C19C8-7F6C-4DE8-9037-1F245223BF6D}.Debug|x64.Build.0 = Debug|Any CPU
		{EC6C19C8-7F6C-4DE8-9037-1F245223BF6D}.Debug|x86.ActiveCfg = Debug|Any CPU
		{EC6C19C8-7F6C-4DE8-9037-1F245223BF6D}.Debug|x86.Build.0 = Debug|Any CPU
		{EC6C19C8-7F6C-4DE8-9037-1F245223BF6D}.Release|Any CPU.ActiveCfg = Release|Any CPU
		{EC6C19C8-7F6C-4DE8-9037-1F245223BF6D}.Release|Any CPU.Build.0 = Release|Any CPU
		{EC6C19C8-7F6C-4DE8-9037-1F245223BF6D}.Release|x64.ActiveCfg = Release|Any CPU
		{EC6C19C8-7F6C-4DE8-9037-1F245223BF6D}.Release|x64.Build.0 = Release|Any CPU
		{EC6C19C8-7F6C-4DE8-9037-1F245223BF6D}.Release|x86.ActiveCfg = Release|Any CPU
		{EC6C19C8-7F6C-4DE8-9037-1F245223BF6D}.Release|x86.Build.0 = Release|Any CPU
		{AC55E4FC-8EB4-4D6C-9D9C-099844CAAACC}.Debug|Any CPU.ActiveCfg = Debug|Any CPU
		{AC55E4FC-8EB4-4D6C-9D9C-099844CAAACC}.Debug|Any CPU.Build.0 = Debug|Any CPU
		{AC55E4FC-8EB4-4D6C-9D9C-099844CAAACC}.Debug|x64.ActiveCfg = Debug|Any CPU
		{AC55E4FC-8EB4-4D6C-9D9C-099844CAAACC}.Debug|x64.Build.0 = Debug|Any CPU
		{AC55E4FC-8EB4-4D6C-9D9C-099844CAAACC}.Debug|x86.ActiveCfg = Debug|Any CPU
		{AC55E4FC-8EB4-4D6C-9D9C-099844CAAACC}.Debug|x86.Build.0 = Debug|Any CPU
		{AC55E4FC-8EB4-4D6C-9D9C-099844CAAACC}.Release|Any CPU.ActiveCfg = Release|Any CPU
		{AC55E4FC-8EB4-4D6C-9D9C-099844CAAACC}.Release|Any CPU.Build.0 = Release|Any CPU
		{AC55E4FC-8EB4-4D6C-9D9C-099844CAAACC}.Release|x64.ActiveCfg = Release|Any CPU
		{AC55E4FC-8EB4-4D6C-9D9C-099844CAAACC}.Release|x64.Build.0 = Release|Any CPU
		{AC55E4FC-8EB4-4D6C-9D9C-099844CAAACC}.Release|x86.ActiveCfg = Release|Any CPU
		{AC55E4FC-8EB4-4D6C-9D9C-099844CAAACC}.Release|x86.Build.0 = Release|Any CPU
		{18EDF5D1-DB32-421A-941A-D610DD0883AD}.Debug|Any CPU.ActiveCfg = Debug|Any CPU
		{18EDF5D1-DB32-421A-941A-D610DD0883AD}.Debug|Any CPU.Build.0 = Debug|Any CPU
		{18EDF5D1-DB32-421A-941A-D610DD0883AD}.Debug|x64.ActiveCfg = Debug|Any CPU
		{18EDF5D1-DB32-421A-941A-D610DD0883AD}.Debug|x64.Build.0 = Debug|Any CPU
		{18EDF5D1-DB32-421A-941A-D610DD0883AD}.Debug|x86.ActiveCfg = Debug|Any CPU
		{18EDF5D1-DB32-421A-941A-D610DD0883AD}.Debug|x86.Build.0 = Debug|Any CPU
		{18EDF5D1-DB32-421A-941A-D610DD0883AD}.Release|Any CPU.ActiveCfg = Release|Any CPU
		{18EDF5D1-DB32-421A-941A-D610DD0883AD}.Release|Any CPU.Build.0 = Release|Any CPU
		{18EDF5D1-DB32-421A-941A-D610DD0883AD}.Release|x64.ActiveCfg = Release|Any CPU
		{18EDF5D1-DB32-421A-941A-D610DD0883AD}.Release|x64.Build.0 = Release|Any CPU
		{18EDF5D1-DB32-421A-941A-D610DD0883AD}.Release|x86.ActiveCfg = Release|Any CPU
		{18EDF5D1-DB32-421A-941A-D610DD0883AD}.Release|x86.Build.0 = Release|Any CPU
		{412B3136-8D72-4D42-95B8-81277782FA93}.Debug|Any CPU.ActiveCfg = Debug|Any CPU
		{412B3136-8D72-4D42-95B8-81277782FA93}.Debug|Any CPU.Build.0 = Debug|Any CPU
		{412B3136-8D72-4D42-95B8-81277782FA93}.Debug|x64.ActiveCfg = Debug|Any CPU
		{412B3136-8D72-4D42-95B8-81277782FA93}.Debug|x64.Build.0 = Debug|Any CPU
		{412B3136-8D72-4D42-95B8-81277782FA93}.Debug|x86.ActiveCfg = Debug|Any CPU
		{412B3136-8D72-4D42-95B8-81277782FA93}.Debug|x86.Build.0 = Debug|Any CPU
		{412B3136-8D72-4D42-95B8-81277782FA93}.Release|Any CPU.ActiveCfg = Release|Any CPU
		{412B3136-8D72-4D42-95B8-81277782FA93}.Release|Any CPU.Build.0 = Release|Any CPU
		{412B3136-8D72-4D42-95B8-81277782FA93}.Release|x64.ActiveCfg = Release|Any CPU
		{412B3136-8D72-4D42-95B8-81277782FA93}.Release|x64.Build.0 = Release|Any CPU
		{412B3136-8D72-4D42-95B8-81277782FA93}.Release|x86.ActiveCfg = Release|Any CPU
		{412B3136-8D72-4D42-95B8-81277782FA93}.Release|x86.Build.0 = Release|Any CPU
		{48742723-B6A4-4755-A30D-A45BCB05A98D}.Debug|Any CPU.ActiveCfg = Debug|Any CPU
		{48742723-B6A4-4755-A30D-A45BCB05A98D}.Debug|Any CPU.Build.0 = Debug|Any CPU
		{48742723-B6A4-4755-A30D-A45BCB05A98D}.Debug|x64.ActiveCfg = Debug|Any CPU
		{48742723-B6A4-4755-A30D-A45BCB05A98D}.Debug|x64.Build.0 = Debug|Any CPU
		{48742723-B6A4-4755-A30D-A45BCB05A98D}.Debug|x86.ActiveCfg = Debug|Any CPU
		{48742723-B6A4-4755-A30D-A45BCB05A98D}.Debug|x86.Build.0 = Debug|Any CPU
		{48742723-B6A4-4755-A30D-A45BCB05A98D}.Release|Any CPU.ActiveCfg = Release|Any CPU
		{48742723-B6A4-4755-A30D-A45BCB05A98D}.Release|Any CPU.Build.0 = Release|Any CPU
		{48742723-B6A4-4755-A30D-A45BCB05A98D}.Release|x64.ActiveCfg = Release|Any CPU
		{48742723-B6A4-4755-A30D-A45BCB05A98D}.Release|x64.Build.0 = Release|Any CPU
		{48742723-B6A4-4755-A30D-A45BCB05A98D}.Release|x86.ActiveCfg = Release|Any CPU
		{48742723-B6A4-4755-A30D-A45BCB05A98D}.Release|x86.Build.0 = Release|Any CPU
		{892ED814-8A59-4630-BCBD-BF92ADF4E2AA}.Debug|Any CPU.ActiveCfg = Debug|Any CPU
		{892ED814-8A59-4630-BCBD-BF92ADF4E2AA}.Debug|Any CPU.Build.0 = Debug|Any CPU
		{892ED814-8A59-4630-BCBD-BF92ADF4E2AA}.Debug|x64.ActiveCfg = Debug|Any CPU
		{892ED814-8A59-4630-BCBD-BF92ADF4E2AA}.Debug|x64.Build.0 = Debug|Any CPU
		{892ED814-8A59-4630-BCBD-BF92ADF4E2AA}.Debug|x86.ActiveCfg = Debug|Any CPU
		{892ED814-8A59-4630-BCBD-BF92ADF4E2AA}.Debug|x86.Build.0 = Debug|Any CPU
		{892ED814-8A59-4630-BCBD-BF92ADF4E2AA}.Release|Any CPU.ActiveCfg = Release|Any CPU
		{892ED814-8A59-4630-BCBD-BF92ADF4E2AA}.Release|Any CPU.Build.0 = Release|Any CPU
		{892ED814-8A59-4630-BCBD-BF92ADF4E2AA}.Release|x64.ActiveCfg = Release|Any CPU
		{892ED814-8A59-4630-BCBD-BF92ADF4E2AA}.Release|x64.Build.0 = Release|Any CPU
		{892ED814-8A59-4630-BCBD-BF92ADF4E2AA}.Release|x86.ActiveCfg = Release|Any CPU
		{892ED814-8A59-4630-BCBD-BF92ADF4E2AA}.Release|x86.Build.0 = Release|Any CPU
		{00B37A68-5680-4A51-8F97-1AFCF95759C2}.Debug|Any CPU.ActiveCfg = Debug|Any CPU
		{00B37A68-5680-4A51-8F97-1AFCF95759C2}.Debug|Any CPU.Build.0 = Debug|Any CPU
		{00B37A68-5680-4A51-8F97-1AFCF95759C2}.Debug|x64.ActiveCfg = Debug|Any CPU
		{00B37A68-5680-4A51-8F97-1AFCF95759C2}.Debug|x64.Build.0 = Debug|Any CPU
		{00B37A68-5680-4A51-8F97-1AFCF95759C2}.Debug|x86.ActiveCfg = Debug|Any CPU
		{00B37A68-5680-4A51-8F97-1AFCF95759C2}.Debug|x86.Build.0 = Debug|Any CPU
		{00B37A68-5680-4A51-8F97-1AFCF95759C2}.Release|Any CPU.ActiveCfg = Release|Any CPU
		{00B37A68-5680-4A51-8F97-1AFCF95759C2}.Release|Any CPU.Build.0 = Release|Any CPU
		{00B37A68-5680-4A51-8F97-1AFCF95759C2}.Release|x64.ActiveCfg = Release|Any CPU
		{00B37A68-5680-4A51-8F97-1AFCF95759C2}.Release|x64.Build.0 = Release|Any CPU
		{00B37A68-5680-4A51-8F97-1AFCF95759C2}.Release|x86.ActiveCfg = Release|Any CPU
		{00B37A68-5680-4A51-8F97-1AFCF95759C2}.Release|x86.Build.0 = Release|Any CPU
		{EF96A4FC-082E-49AB-8AAC-41758228A751}.Debug|Any CPU.ActiveCfg = Debug|Any CPU
		{EF96A4FC-082E-49AB-8AAC-41758228A751}.Debug|Any CPU.Build.0 = Debug|Any CPU
		{EF96A4FC-082E-49AB-8AAC-41758228A751}.Debug|x64.ActiveCfg = Debug|Any CPU
		{EF96A4FC-082E-49AB-8AAC-41758228A751}.Debug|x64.Build.0 = Debug|Any CPU
		{EF96A4FC-082E-49AB-8AAC-41758228A751}.Debug|x86.ActiveCfg = Debug|Any CPU
		{EF96A4FC-082E-49AB-8AAC-41758228A751}.Debug|x86.Build.0 = Debug|Any CPU
		{EF96A4FC-082E-49AB-8AAC-41758228A751}.Release|Any CPU.ActiveCfg = Release|Any CPU
		{EF96A4FC-082E-49AB-8AAC-41758228A751}.Release|Any CPU.Build.0 = Release|Any CPU
		{EF96A4FC-082E-49AB-8AAC-41758228A751}.Release|x64.ActiveCfg = Release|Any CPU
		{EF96A4FC-082E-49AB-8AAC-41758228A751}.Release|x64.Build.0 = Release|Any CPU
		{EF96A4FC-082E-49AB-8AAC-41758228A751}.Release|x86.ActiveCfg = Release|Any CPU
		{EF96A4FC-082E-49AB-8AAC-41758228A751}.Release|x86.Build.0 = Release|Any CPU
		{C2DB2CB9-C895-477E-8B12-A57C4E2E6EB1}.Debug|Any CPU.ActiveCfg = Debug|Any CPU
		{C2DB2CB9-C895-477E-8B12-A57C4E2E6EB1}.Debug|Any CPU.Build.0 = Debug|Any CPU
		{C2DB2CB9-C895-477E-8B12-A57C4E2E6EB1}.Debug|x64.ActiveCfg = Debug|Any CPU
		{C2DB2CB9-C895-477E-8B12-A57C4E2E6EB1}.Debug|x64.Build.0 = Debug|Any CPU
		{C2DB2CB9-C895-477E-8B12-A57C4E2E6EB1}.Debug|x86.ActiveCfg = Debug|Any CPU
		{C2DB2CB9-C895-477E-8B12-A57C4E2E6EB1}.Debug|x86.Build.0 = Debug|Any CPU
		{C2DB2CB9-C895-477E-8B12-A57C4E2E6EB1}.Release|Any CPU.ActiveCfg = Release|Any CPU
		{C2DB2CB9-C895-477E-8B12-A57C4E2E6EB1}.Release|Any CPU.Build.0 = Release|Any CPU
		{C2DB2CB9-C895-477E-8B12-A57C4E2E6EB1}.Release|x64.ActiveCfg = Release|Any CPU
		{C2DB2CB9-C895-477E-8B12-A57C4E2E6EB1}.Release|x64.Build.0 = Release|Any CPU
		{C2DB2CB9-C895-477E-8B12-A57C4E2E6EB1}.Release|x86.ActiveCfg = Release|Any CPU
		{C2DB2CB9-C895-477E-8B12-A57C4E2E6EB1}.Release|x86.Build.0 = Release|Any CPU
		{2F706765-BD22-485D-B238-EA3031EC20B6}.Debug|Any CPU.ActiveCfg = Debug|Any CPU
		{2F706765-BD22-485D-B238-EA3031EC20B6}.Debug|Any CPU.Build.0 = Debug|Any CPU
		{2F706765-BD22-485D-B238-EA3031EC20B6}.Debug|x64.ActiveCfg = Debug|Any CPU
		{2F706765-BD22-485D-B238-EA3031EC20B6}.Debug|x64.Build.0 = Debug|Any CPU
		{2F706765-BD22-485D-B238-EA3031EC20B6}.Debug|x86.ActiveCfg = Debug|Any CPU
		{2F706765-BD22-485D-B238-EA3031EC20B6}.Debug|x86.Build.0 = Debug|Any CPU
		{2F706765-BD22-485D-B238-EA3031EC20B6}.Release|Any CPU.ActiveCfg = Release|Any CPU
		{2F706765-BD22-485D-B238-EA3031EC20B6}.Release|Any CPU.Build.0 = Release|Any CPU
		{2F706765-BD22-485D-B238-EA3031EC20B6}.Release|x64.ActiveCfg = Release|Any CPU
		{2F706765-BD22-485D-B238-EA3031EC20B6}.Release|x64.Build.0 = Release|Any CPU
		{2F706765-BD22-485D-B238-EA3031EC20B6}.Release|x86.ActiveCfg = Release|Any CPU
		{2F706765-BD22-485D-B238-EA3031EC20B6}.Release|x86.Build.0 = Release|Any CPU
		{522D25C0-7CA6-4982-A2BD-9DB76439C5B3}.Debug|Any CPU.ActiveCfg = Debug|Any CPU
		{522D25C0-7CA6-4982-A2BD-9DB76439C5B3}.Debug|Any CPU.Build.0 = Debug|Any CPU
		{522D25C0-7CA6-4982-A2BD-9DB76439C5B3}.Debug|x64.ActiveCfg = Debug|Any CPU
		{522D25C0-7CA6-4982-A2BD-9DB76439C5B3}.Debug|x64.Build.0 = Debug|Any CPU
		{522D25C0-7CA6-4982-A2BD-9DB76439C5B3}.Debug|x86.ActiveCfg = Debug|Any CPU
		{522D25C0-7CA6-4982-A2BD-9DB76439C5B3}.Debug|x86.Build.0 = Debug|Any CPU
		{522D25C0-7CA6-4982-A2BD-9DB76439C5B3}.Release|Any CPU.ActiveCfg = Release|Any CPU
		{522D25C0-7CA6-4982-A2BD-9DB76439C5B3}.Release|Any CPU.Build.0 = Release|Any CPU
		{522D25C0-7CA6-4982-A2BD-9DB76439C5B3}.Release|x64.ActiveCfg = Release|Any CPU
		{522D25C0-7CA6-4982-A2BD-9DB76439C5B3}.Release|x64.Build.0 = Release|Any CPU
		{522D25C0-7CA6-4982-A2BD-9DB76439C5B3}.Release|x86.ActiveCfg = Release|Any CPU
		{522D25C0-7CA6-4982-A2BD-9DB76439C5B3}.Release|x86.Build.0 = Release|Any CPU
		{F5EDD099-78B2-4F03-889A-00492A947DB7}.Debug|Any CPU.ActiveCfg = Debug|Any CPU
		{F5EDD099-78B2-4F03-889A-00492A947DB7}.Debug|Any CPU.Build.0 = Debug|Any CPU
		{F5EDD099-78B2-4F03-889A-00492A947DB7}.Debug|x64.ActiveCfg = Debug|Any CPU
		{F5EDD099-78B2-4F03-889A-00492A947DB7}.Debug|x64.Build.0 = Debug|Any CPU
		{F5EDD099-78B2-4F03-889A-00492A947DB7}.Debug|x86.ActiveCfg = Debug|Any CPU
		{F5EDD099-78B2-4F03-889A-00492A947DB7}.Debug|x86.Build.0 = Debug|Any CPU
		{F5EDD099-78B2-4F03-889A-00492A947DB7}.Release|Any CPU.ActiveCfg = Release|Any CPU
		{F5EDD099-78B2-4F03-889A-00492A947DB7}.Release|Any CPU.Build.0 = Release|Any CPU
		{F5EDD099-78B2-4F03-889A-00492A947DB7}.Release|x64.ActiveCfg = Release|Any CPU
		{F5EDD099-78B2-4F03-889A-00492A947DB7}.Release|x64.Build.0 = Release|Any CPU
		{F5EDD099-78B2-4F03-889A-00492A947DB7}.Release|x86.ActiveCfg = Release|Any CPU
		{F5EDD099-78B2-4F03-889A-00492A947DB7}.Release|x86.Build.0 = Release|Any CPU
		{FB0221EE-E206-4882-9DD3-670C9D7E1014}.Debug|Any CPU.ActiveCfg = Debug|Any CPU
		{FB0221EE-E206-4882-9DD3-670C9D7E1014}.Debug|Any CPU.Build.0 = Debug|Any CPU
		{FB0221EE-E206-4882-9DD3-670C9D7E1014}.Debug|x64.ActiveCfg = Debug|Any CPU
		{FB0221EE-E206-4882-9DD3-670C9D7E1014}.Debug|x64.Build.0 = Debug|Any CPU
		{FB0221EE-E206-4882-9DD3-670C9D7E1014}.Debug|x86.ActiveCfg = Debug|Any CPU
		{FB0221EE-E206-4882-9DD3-670C9D7E1014}.Debug|x86.Build.0 = Debug|Any CPU
		{FB0221EE-E206-4882-9DD3-670C9D7E1014}.Release|Any CPU.ActiveCfg = Release|Any CPU
		{FB0221EE-E206-4882-9DD3-670C9D7E1014}.Release|Any CPU.Build.0 = Release|Any CPU
		{FB0221EE-E206-4882-9DD3-670C9D7E1014}.Release|x64.ActiveCfg = Release|Any CPU
		{FB0221EE-E206-4882-9DD3-670C9D7E1014}.Release|x64.Build.0 = Release|Any CPU
		{FB0221EE-E206-4882-9DD3-670C9D7E1014}.Release|x86.ActiveCfg = Release|Any CPU
		{FB0221EE-E206-4882-9DD3-670C9D7E1014}.Release|x86.Build.0 = Release|Any CPU
		{F3BECC1A-AC12-4C28-A65E-BBB3C1F5C2DB}.Debug|Any CPU.ActiveCfg = Debug|Any CPU
		{F3BECC1A-AC12-4C28-A65E-BBB3C1F5C2DB}.Debug|Any CPU.Build.0 = Debug|Any CPU
		{F3BECC1A-AC12-4C28-A65E-BBB3C1F5C2DB}.Debug|x64.ActiveCfg = Debug|Any CPU
		{F3BECC1A-AC12-4C28-A65E-BBB3C1F5C2DB}.Debug|x64.Build.0 = Debug|Any CPU
		{F3BECC1A-AC12-4C28-A65E-BBB3C1F5C2DB}.Debug|x86.ActiveCfg = Debug|Any CPU
		{F3BECC1A-AC12-4C28-A65E-BBB3C1F5C2DB}.Debug|x86.Build.0 = Debug|Any CPU
		{F3BECC1A-AC12-4C28-A65E-BBB3C1F5C2DB}.Release|Any CPU.ActiveCfg = Release|Any CPU
		{F3BECC1A-AC12-4C28-A65E-BBB3C1F5C2DB}.Release|Any CPU.Build.0 = Release|Any CPU
		{F3BECC1A-AC12-4C28-A65E-BBB3C1F5C2DB}.Release|x64.ActiveCfg = Release|Any CPU
		{F3BECC1A-AC12-4C28-A65E-BBB3C1F5C2DB}.Release|x64.Build.0 = Release|Any CPU
		{F3BECC1A-AC12-4C28-A65E-BBB3C1F5C2DB}.Release|x86.ActiveCfg = Release|Any CPU
		{F3BECC1A-AC12-4C28-A65E-BBB3C1F5C2DB}.Release|x86.Build.0 = Release|Any CPU
		{3C2F5838-29B7-49C4-BA07-69C8F3E529B7}.Debug|Any CPU.ActiveCfg = Debug|Any CPU
		{3C2F5838-29B7-49C4-BA07-69C8F3E529B7}.Debug|Any CPU.Build.0 = Debug|Any CPU
		{3C2F5838-29B7-49C4-BA07-69C8F3E529B7}.Debug|x64.ActiveCfg = Debug|Any CPU
		{3C2F5838-29B7-49C4-BA07-69C8F3E529B7}.Debug|x64.Build.0 = Debug|Any CPU
		{3C2F5838-29B7-49C4-BA07-69C8F3E529B7}.Debug|x86.ActiveCfg = Debug|Any CPU
		{3C2F5838-29B7-49C4-BA07-69C8F3E529B7}.Debug|x86.Build.0 = Debug|Any CPU
		{3C2F5838-29B7-49C4-BA07-69C8F3E529B7}.Release|Any CPU.ActiveCfg = Release|Any CPU
		{3C2F5838-29B7-49C4-BA07-69C8F3E529B7}.Release|Any CPU.Build.0 = Release|Any CPU
		{3C2F5838-29B7-49C4-BA07-69C8F3E529B7}.Release|x64.ActiveCfg = Release|Any CPU
		{3C2F5838-29B7-49C4-BA07-69C8F3E529B7}.Release|x64.Build.0 = Release|Any CPU
		{3C2F5838-29B7-49C4-BA07-69C8F3E529B7}.Release|x86.ActiveCfg = Release|Any CPU
		{3C2F5838-29B7-49C4-BA07-69C8F3E529B7}.Release|x86.Build.0 = Release|Any CPU
		{D9A39D8B-83BC-4DB1-B23C-8B19FC07537B}.Debug|Any CPU.ActiveCfg = Debug|Any CPU
		{D9A39D8B-83BC-4DB1-B23C-8B19FC07537B}.Debug|Any CPU.Build.0 = Debug|Any CPU
		{D9A39D8B-83BC-4DB1-B23C-8B19FC07537B}.Debug|x64.ActiveCfg = Debug|Any CPU
		{D9A39D8B-83BC-4DB1-B23C-8B19FC07537B}.Debug|x64.Build.0 = Debug|Any CPU
		{D9A39D8B-83BC-4DB1-B23C-8B19FC07537B}.Debug|x86.ActiveCfg = Debug|Any CPU
		{D9A39D8B-83BC-4DB1-B23C-8B19FC07537B}.Debug|x86.Build.0 = Debug|Any CPU
		{D9A39D8B-83BC-4DB1-B23C-8B19FC07537B}.Release|Any CPU.ActiveCfg = Release|Any CPU
		{D9A39D8B-83BC-4DB1-B23C-8B19FC07537B}.Release|Any CPU.Build.0 = Release|Any CPU
		{D9A39D8B-83BC-4DB1-B23C-8B19FC07537B}.Release|x64.ActiveCfg = Release|Any CPU
		{D9A39D8B-83BC-4DB1-B23C-8B19FC07537B}.Release|x64.Build.0 = Release|Any CPU
		{D9A39D8B-83BC-4DB1-B23C-8B19FC07537B}.Release|x86.ActiveCfg = Release|Any CPU
		{D9A39D8B-83BC-4DB1-B23C-8B19FC07537B}.Release|x86.Build.0 = Release|Any CPU
		{141B8510-F6A3-4CC3-B9E1-E763C5AC032F}.Debug|Any CPU.ActiveCfg = Debug|Any CPU
		{141B8510-F6A3-4CC3-B9E1-E763C5AC032F}.Debug|Any CPU.Build.0 = Debug|Any CPU
		{141B8510-F6A3-4CC3-B9E1-E763C5AC032F}.Debug|x64.ActiveCfg = Debug|Any CPU
		{141B8510-F6A3-4CC3-B9E1-E763C5AC032F}.Debug|x64.Build.0 = Debug|Any CPU
		{141B8510-F6A3-4CC3-B9E1-E763C5AC032F}.Debug|x86.ActiveCfg = Debug|Any CPU
		{141B8510-F6A3-4CC3-B9E1-E763C5AC032F}.Debug|x86.Build.0 = Debug|Any CPU
		{141B8510-F6A3-4CC3-B9E1-E763C5AC032F}.Release|Any CPU.ActiveCfg = Release|Any CPU
		{141B8510-F6A3-4CC3-B9E1-E763C5AC032F}.Release|Any CPU.Build.0 = Release|Any CPU
		{141B8510-F6A3-4CC3-B9E1-E763C5AC032F}.Release|x64.ActiveCfg = Release|Any CPU
		{141B8510-F6A3-4CC3-B9E1-E763C5AC032F}.Release|x64.Build.0 = Release|Any CPU
		{141B8510-F6A3-4CC3-B9E1-E763C5AC032F}.Release|x86.ActiveCfg = Release|Any CPU
		{141B8510-F6A3-4CC3-B9E1-E763C5AC032F}.Release|x86.Build.0 = Release|Any CPU
		{9C3A157E-6897-4CCF-898C-45FE4B9839FB}.Debug|Any CPU.ActiveCfg = Debug|Any CPU
		{9C3A157E-6897-4CCF-898C-45FE4B9839FB}.Debug|Any CPU.Build.0 = Debug|Any CPU
		{9C3A157E-6897-4CCF-898C-45FE4B9839FB}.Debug|x64.ActiveCfg = Debug|Any CPU
		{9C3A157E-6897-4CCF-898C-45FE4B9839FB}.Debug|x64.Build.0 = Debug|Any CPU
		{9C3A157E-6897-4CCF-898C-45FE4B9839FB}.Debug|x86.ActiveCfg = Debug|Any CPU
		{9C3A157E-6897-4CCF-898C-45FE4B9839FB}.Debug|x86.Build.0 = Debug|Any CPU
		{9C3A157E-6897-4CCF-898C-45FE4B9839FB}.Release|Any CPU.ActiveCfg = Release|Any CPU
		{9C3A157E-6897-4CCF-898C-45FE4B9839FB}.Release|Any CPU.Build.0 = Release|Any CPU
		{9C3A157E-6897-4CCF-898C-45FE4B9839FB}.Release|x64.ActiveCfg = Release|Any CPU
		{9C3A157E-6897-4CCF-898C-45FE4B9839FB}.Release|x64.Build.0 = Release|Any CPU
		{9C3A157E-6897-4CCF-898C-45FE4B9839FB}.Release|x86.ActiveCfg = Release|Any CPU
		{9C3A157E-6897-4CCF-898C-45FE4B9839FB}.Release|x86.Build.0 = Release|Any CPU
		{09D280E6-8464-4B75-BCD3-AB43016F352F}.Debug|Any CPU.ActiveCfg = Debug|Any CPU
		{09D280E6-8464-4B75-BCD3-AB43016F352F}.Debug|Any CPU.Build.0 = Debug|Any CPU
		{09D280E6-8464-4B75-BCD3-AB43016F352F}.Debug|x64.ActiveCfg = Debug|Any CPU
		{09D280E6-8464-4B75-BCD3-AB43016F352F}.Debug|x64.Build.0 = Debug|Any CPU
		{09D280E6-8464-4B75-BCD3-AB43016F352F}.Debug|x86.ActiveCfg = Debug|Any CPU
		{09D280E6-8464-4B75-BCD3-AB43016F352F}.Debug|x86.Build.0 = Debug|Any CPU
		{09D280E6-8464-4B75-BCD3-AB43016F352F}.Release|Any CPU.ActiveCfg = Release|Any CPU
		{09D280E6-8464-4B75-BCD3-AB43016F352F}.Release|Any CPU.Build.0 = Release|Any CPU
		{09D280E6-8464-4B75-BCD3-AB43016F352F}.Release|x64.ActiveCfg = Release|Any CPU
		{09D280E6-8464-4B75-BCD3-AB43016F352F}.Release|x64.Build.0 = Release|Any CPU
		{09D280E6-8464-4B75-BCD3-AB43016F352F}.Release|x86.ActiveCfg = Release|Any CPU
		{09D280E6-8464-4B75-BCD3-AB43016F352F}.Release|x86.Build.0 = Release|Any CPU
		{EDCB052C-05DD-4E66-B829-8BB665683C92}.Debug|Any CPU.ActiveCfg = Debug|Any CPU
		{EDCB052C-05DD-4E66-B829-8BB665683C92}.Debug|Any CPU.Build.0 = Debug|Any CPU
		{EDCB052C-05DD-4E66-B829-8BB665683C92}.Debug|x64.ActiveCfg = Debug|Any CPU
		{EDCB052C-05DD-4E66-B829-8BB665683C92}.Debug|x64.Build.0 = Debug|Any CPU
		{EDCB052C-05DD-4E66-B829-8BB665683C92}.Debug|x86.ActiveCfg = Debug|Any CPU
		{EDCB052C-05DD-4E66-B829-8BB665683C92}.Debug|x86.Build.0 = Debug|Any CPU
		{EDCB052C-05DD-4E66-B829-8BB665683C92}.Release|Any CPU.ActiveCfg = Release|Any CPU
		{EDCB052C-05DD-4E66-B829-8BB665683C92}.Release|Any CPU.Build.0 = Release|Any CPU
		{EDCB052C-05DD-4E66-B829-8BB665683C92}.Release|x64.ActiveCfg = Release|Any CPU
		{EDCB052C-05DD-4E66-B829-8BB665683C92}.Release|x64.Build.0 = Release|Any CPU
		{EDCB052C-05DD-4E66-B829-8BB665683C92}.Release|x86.ActiveCfg = Release|Any CPU
		{EDCB052C-05DD-4E66-B829-8BB665683C92}.Release|x86.Build.0 = Release|Any CPU
		{A9B07A1F-CC99-4722-B0B0-1F2BD0FF08EE}.Debug|Any CPU.ActiveCfg = Debug|Any CPU
		{A9B07A1F-CC99-4722-B0B0-1F2BD0FF08EE}.Debug|Any CPU.Build.0 = Debug|Any CPU
		{A9B07A1F-CC99-4722-B0B0-1F2BD0FF08EE}.Debug|x64.ActiveCfg = Debug|Any CPU
		{A9B07A1F-CC99-4722-B0B0-1F2BD0FF08EE}.Debug|x64.Build.0 = Debug|Any CPU
		{A9B07A1F-CC99-4722-B0B0-1F2BD0FF08EE}.Debug|x86.ActiveCfg = Debug|Any CPU
		{A9B07A1F-CC99-4722-B0B0-1F2BD0FF08EE}.Debug|x86.Build.0 = Debug|Any CPU
		{A9B07A1F-CC99-4722-B0B0-1F2BD0FF08EE}.Release|Any CPU.ActiveCfg = Release|Any CPU
		{A9B07A1F-CC99-4722-B0B0-1F2BD0FF08EE}.Release|Any CPU.Build.0 = Release|Any CPU
		{A9B07A1F-CC99-4722-B0B0-1F2BD0FF08EE}.Release|x64.ActiveCfg = Release|Any CPU
		{A9B07A1F-CC99-4722-B0B0-1F2BD0FF08EE}.Release|x64.Build.0 = Release|Any CPU
		{A9B07A1F-CC99-4722-B0B0-1F2BD0FF08EE}.Release|x86.ActiveCfg = Release|Any CPU
		{A9B07A1F-CC99-4722-B0B0-1F2BD0FF08EE}.Release|x86.Build.0 = Release|Any CPU
		{FF3A66CE-E3A1-44C8-ACAC-87AAEB0EBCAA}.Debug|Any CPU.ActiveCfg = Debug|Any CPU
		{FF3A66CE-E3A1-44C8-ACAC-87AAEB0EBCAA}.Debug|Any CPU.Build.0 = Debug|Any CPU
		{FF3A66CE-E3A1-44C8-ACAC-87AAEB0EBCAA}.Debug|x64.ActiveCfg = Debug|Any CPU
		{FF3A66CE-E3A1-44C8-ACAC-87AAEB0EBCAA}.Debug|x64.Build.0 = Debug|Any CPU
		{FF3A66CE-E3A1-44C8-ACAC-87AAEB0EBCAA}.Debug|x86.ActiveCfg = Debug|Any CPU
		{FF3A66CE-E3A1-44C8-ACAC-87AAEB0EBCAA}.Debug|x86.Build.0 = Debug|Any CPU
		{FF3A66CE-E3A1-44C8-ACAC-87AAEB0EBCAA}.Release|Any CPU.ActiveCfg = Release|Any CPU
		{FF3A66CE-E3A1-44C8-ACAC-87AAEB0EBCAA}.Release|Any CPU.Build.0 = Release|Any CPU
		{FF3A66CE-E3A1-44C8-ACAC-87AAEB0EBCAA}.Release|x64.ActiveCfg = Release|Any CPU
		{FF3A66CE-E3A1-44C8-ACAC-87AAEB0EBCAA}.Release|x64.Build.0 = Release|Any CPU
		{FF3A66CE-E3A1-44C8-ACAC-87AAEB0EBCAA}.Release|x86.ActiveCfg = Release|Any CPU
		{FF3A66CE-E3A1-44C8-ACAC-87AAEB0EBCAA}.Release|x86.Build.0 = Release|Any CPU
	EndGlobalSection
	GlobalSection(SolutionProperties) = preSolution
		HideSolutionNode = FALSE
	EndGlobalSection
	GlobalSection(NestedProjects) = preSolution
		{D55417E0-2D7D-46CC-8065-967388CCDDF0} = {6E5342BF-A184-441A-B91D-6BE97603CD79}
		{6DBC45EC-8043-44E8-B3C6-A70E51BC4E7A} = {0FAAF2AC-9B2B-FD85-2C2E-C6A0CB490DD0}
		{38B00BF7-8D77-45F7-B037-594E7060ABB0} = {0FAAF2AC-9B2B-FD85-2C2E-C6A0CB490DD0}
		{F0D7A4CE-079B-4E19-B178-9E35352472D2} = {0FAAF2AC-9B2B-FD85-2C2E-C6A0CB490DD0}
		{5620FCE0-21F8-4C9D-A940-04E04F953F29} = {0FAAF2AC-9B2B-FD85-2C2E-C6A0CB490DD0}
		{6AADF939-DB48-42F6-9768-299F3ACA8796} = {0FAAF2AC-9B2B-FD85-2C2E-C6A0CB490DD0}
		{E55ECB3A-078C-4EE0-827A-D347AA894106} = {E6394E39-2980-4A38-807E-359324152898}
		{6E7F8287-9B3B-4F61-89F3-4C13F6B53197} = {E6394E39-2980-4A38-807E-359324152898}
		{C63506EF-1351-4840-93C8-4162A8F7DD7E} = {E6394E39-2980-4A38-807E-359324152898}
		{FB74D3D7-93FD-44C1-8DE5-2F1079BE2E4B} = {E6394E39-2980-4A38-807E-359324152898}
		{4D4EFDBF-8075-443C-BA78-967B7959759E} = {E6394E39-2980-4A38-807E-359324152898}
		{ECD07E55-CE77-431A-9BF0-0896FA762FA3} = {C9DCCF5A-28DE-4124-9FF5-16010EB3D717}
		{F5EDD099-78B2-4F03-889A-00492A947DB7} = {5639D954-0427-47D1-83B3-CA92BF68158E}
		{9E9F1930-C441-4607-B564-2959988DB262} = {E4FF970E-A2F9-0AAC-EF39-C8E253C22E12}
		{303E56D1-26D3-4818-9334-01EDC0A6A0DA} = {E4FF970E-A2F9-0AAC-EF39-C8E253C22E12}
		{EC6C19C8-7F6C-4DE8-9037-1F245223BF6D} = {E4FF970E-A2F9-0AAC-EF39-C8E253C22E12}
		{AC55E4FC-8EB4-4D6C-9D9C-099844CAAACC} = {E4FF970E-A2F9-0AAC-EF39-C8E253C22E12}
		{18EDF5D1-DB32-421A-941A-D610DD0883AD} = {E4FF970E-A2F9-0AAC-EF39-C8E253C22E12}
		{412B3136-8D72-4D42-95B8-81277782FA93} = {AB8B724D-C982-3DCB-E4F7-3AB179E115D1}
		{48742723-B6A4-4755-A30D-A45BCB05A98D} = {AB8B724D-C982-3DCB-E4F7-3AB179E115D1}
		{892ED814-8A59-4630-BCBD-BF92ADF4E2AA} = {AB8B724D-C982-3DCB-E4F7-3AB179E115D1}
		{00B37A68-5680-4A51-8F97-1AFCF95759C2} = {AB8B724D-C982-3DCB-E4F7-3AB179E115D1}
		{EF96A4FC-082E-49AB-8AAC-41758228A751} = {AB8B724D-C982-3DCB-E4F7-3AB179E115D1}
		{C2DB2CB9-C895-477E-8B12-A57C4E2E6EB1} = {D9772320-9D0D-4893-4D98-D68EF65B69CE}
		{2F706765-BD22-485D-B238-EA3031EC20B6} = {D9772320-9D0D-4893-4D98-D68EF65B69CE}
		{522D25C0-7CA6-4982-A2BD-9DB76439C5B3} = {40B51FB7-1C5B-7FA0-ADF3-74D82A5BC352}
		{FB0221EE-E206-4882-9DD3-670C9D7E1014} = {9339ABCD-0166-3FEC-9EF9-FFAF5EE98DD3}
		{F3BECC1A-AC12-4C28-A65E-BBB3C1F5C2DB} = {9339ABCD-0166-3FEC-9EF9-FFAF5EE98DD3}
		{3C2F5838-29B7-49C4-BA07-69C8F3E529B7} = {9339ABCD-0166-3FEC-9EF9-FFAF5EE98DD3}
		{D9A39D8B-83BC-4DB1-B23C-8B19FC07537B} = {9339ABCD-0166-3FEC-9EF9-FFAF5EE98DD3}
		{141B8510-F6A3-4CC3-B9E1-E763C5AC032F} = {9339ABCD-0166-3FEC-9EF9-FFAF5EE98DD3}
		{9C3A157E-6897-4CCF-898C-45FE4B9839FB} = {FE150226-47A6-0301-158C-F1CB39FD71E5}
		{09D280E6-8464-4B75-BCD3-AB43016F352F} = {FE150226-47A6-0301-158C-F1CB39FD71E5}
		{EDCB052C-05DD-4E66-B829-8BB665683C92} = {FE150226-47A6-0301-158C-F1CB39FD71E5}
		{A9B07A1F-CC99-4722-B0B0-1F2BD0FF08EE} = {FE150226-47A6-0301-158C-F1CB39FD71E5}
		{FF3A66CE-E3A1-44C8-ACAC-87AAEB0EBCAA} = {FE150226-47A6-0301-158C-F1CB39FD71E5}
	EndGlobalSection
	GlobalSection(ExtensibilityGlobals) = postSolution
		SolutionGuid = {A6BEA109-1FFB-45F6-AA0E-DC0901DA233A}
	EndGlobalSection
EndGlobal
